
Microsoft Visual Studio Solution File, Format Version 12.00
# Visual Studio Version 16
VisualStudioVersion = 16.0.35130.168
MinimumVisualStudioVersion = 10.0.40219.1
Project("{FAE04EC0-301F-11D3-BF4B-00C04F79EFBC}") = "HomeWork5.5", "HomeWork5.5.csproj", "{AD61E608-EECE-46FA-9EE4-4D7DD9728F25}"
EndProject
Global
	GlobalSection(SolutionConfigurationPlatforms) = preSolution
		Debug|Any CPU = Debug|Any CPU
		Release|Any CPU = Release|Any CPU
	EndGlobalSection
	GlobalSection(ProjectConfigurationPlatforms) = postSolution
		{AD61E608-EECE-46FA-9EE4-4D7DD9728F25}.Debug|Any CPU.ActiveCfg = Debug|Any CPU
		{AD61E608-EECE-46FA-9EE4-4D7DD9728F25}.Debug|Any CPU.Build.0 = Debug|Any CPU
		{AD61E608-EECE-46FA-9EE4-4D7DD9728F25}.Release|Any CPU.ActiveCfg = Release|Any CPU
		{AD61E608-EECE-46FA-9EE4-4D7DD9728F25}.Release|Any CPU.Build.0 = Release|Any CPU
	EndGlobalSection
	GlobalSection(SolutionProperties) = preSolution
		HideSolutionNode = FALSE
	EndGlobalSection
	GlobalSection(ExtensibilityGlobals) = postSolution
		SolutionGuid = {FA90F811-2E23-40B3-B8B4-7FCC0192D1A5}
	EndGlobalSection
EndGlobal
